Microsoft Visual Studio Solution File, Format Version 12.00
# Visual Studio 2012
Project("{FAE04EC0-301F-11D3-BF4B-00C04F79EFBC}") = "Arena", "Arena.csproj", "{AA11476C-14EE-4D42-8932-A1C40165271B}"
EndProject
Global
	GlobalSection(SolutionConfigurationPlatforms) = preSolution
	Debug|Any CPU = Debug|Any CPU
	ExportDebug|Any CPU = ExportDebug|Any CPU
	ExportRelease|Any CPU = ExportRelease|Any CPU
	EndGlobalSection
	GlobalSection(ProjectConfigurationPlatforms) = postSolution
		{AA11476C-14EE-4D42-8932-A1C40165271B}.Debug|Any CPU.ActiveCfg = Debug|Any CPU
		{AA11476C-14EE-4D42-8932-A1C40165271B}.Debug|Any CPU.Build.0 = Debug|Any CPU
		{AA11476C-14EE-4D42-8932-A1C40165271B}.ExportDebug|Any CPU.ActiveCfg = ExportDebug|Any CPU
		{AA11476C-14EE-4D42-8932-A1C40165271B}.ExportDebug|Any CPU.Build.0 = ExportDebug|Any CPU
		{AA11476C-14EE-4D42-8932-A1C40165271B}.ExportRelease|Any CPU.ActiveCfg = ExportRelease|Any CPU
		{AA11476C-14EE-4D42-8932-A1C40165271B}.ExportRelease|Any CPU.Build.0 = ExportRelease|Any CPU
	EndGlobalSection
EndGlobal
